// !$*UTF8*$!
{
	archiveVersion = 1;
	classes = {
	};
	objectVersion = 56;
	objects = {

/* Begin PBXBuildFile section */
		84685F2A29A62A730023B3AF /* PushupApp.swift in Sources */ = {isa = PBXBuildFile; fileRef = 84685F2929A62A730023B3AF /* PushupApp.swift */; };
		84685F2C29A62A730023B3AF /* AppView.swift in Sources */ = {isa = PBXBuildFile; fileRef = 84685F2B29A62A730023B3AF /* AppView.swift */; };
		84685F2E29A62A740023B3AF /* Assets.xcassets in Resources */ = {isa = PBXBuildFile; fileRef = 84685F2D29A62A740023B3AF /* Assets.xcassets */; };
		84685F3129A62A740023B3AF /* Preview Assets.xcassets in Resources */ = {isa = PBXBuildFile; fileRef = 84685F3029A62A740023B3AF /* Preview Assets.xcassets */; };
		84685F3E29A636410023B3AF /* AppViewModel.swift in Sources */ = {isa = PBXBuildFile; fileRef = 84685F3D29A636410023B3AF /* AppViewModel.swift */; };
		84685F4129A637FE0023B3AF /* NetworkClient.swift in Sources */ = {isa = PBXBuildFile; fileRef = 84685F4029A637FE0023B3AF /* NetworkClient.swift */; };
		84685F4329A638A60023B3AF /* Config.xcconfig in Resources */ = {isa = PBXBuildFile; fileRef = 84685F4229A638A60023B3AF /* Config.xcconfig */; };
		84685F4529A639AA0023B3AF /* NetworkConfiguration.swift in Sources */ = {isa = PBXBuildFile; fileRef = 84685F4429A639AA0023B3AF /* NetworkConfiguration.swift */; };
		84685F4929A64CFD0023B3AF /* NetworkError.swift in Sources */ = {isa = PBXBuildFile; fileRef = 84685F4829A64CFD0023B3AF /* NetworkError.swift */; };
		84B49CD529A64F1C0055AEEC /* HomeView.swift in Sources */ = {isa = PBXBuildFile; fileRef = 84B49CD429A64F1C0055AEEC /* HomeView.swift */; };
		84B49CD729A64F250055AEEC /* HomeViewModel.swift in Sources */ = {isa = PBXBuildFile; fileRef = 84B49CD629A64F250055AEEC /* HomeViewModel.swift */; };
		84B49CD929A650EB0055AEEC /* AppViewState.swift in Sources */ = {isa = PBXBuildFile; fileRef = 84B49CD829A650EB0055AEEC /* AppViewState.swift */; };
		84B49CE129A682BE0055AEEC /* HomeViewRepoListLoadingState.swift in Sources */ = {isa = PBXBuildFile; fileRef = 84B49CE029A682BE0055AEEC /* HomeViewRepoListLoadingState.swift */; };
		84B49CE429A683F90055AEEC /* RepoListView.swift in Sources */ = {isa = PBXBuildFile; fileRef = 84B49CE329A683F90055AEEC /* RepoListView.swift */; };
		84B49CE629A684300055AEEC /* RepoListViewCell.swift in Sources */ = {isa = PBXBuildFile; fileRef = 84B49CE529A684300055AEEC /* RepoListViewCell.swift */; };
		84B49CE829A689440055AEEC /* RepositoryModel.swift in Sources */ = {isa = PBXBuildFile; fileRef = 84B49CE729A689440055AEEC /* RepositoryModel.swift */; };
		84F5681729A68D2C00BF57C5 /* OctoKit in Frameworks */ = {isa = PBXBuildFile; productRef = 84F5681629A68D2C00BF57C5 /* OctoKit */; };
		84F5681B29A69F1900BF57C5 /* ProfileHeaderView.swift in Sources */ = {isa = PBXBuildFile; fileRef = 84F5681A29A69F1900BF57C5 /* ProfileHeaderView.swift */; };
		84F5681D29A69F2A00BF57C5 /* ProfileHeaderViewModel.swift in Sources */ = {isa = PBXBuildFile; fileRef = 84F5681C29A69F2A00BF57C5 /* ProfileHeaderViewModel.swift */; };
/* End PBXBuildFile section */

/* Begin PBXFileReference section */
		84685F2629A62A730023B3AF /* Pushup.app */ = {isa = PBXFileReference; explicitFileType = wrapper.application; includeInIndex = 0; path = Pushup.app; sourceTree = BUILT_PRODUCTS_DIR; };
		84685F2929A62A730023B3AF /* PushupApp.swift */ = {isa = PBXFileReference; lastKnownFileType = sourcecode.swift; path = PushupApp.swift; sourceTree = "<group>"; };
		84685F2B29A62A730023B3AF /* AppView.swift */ = {isa = PBXFileReference; lastKnownFileType = sourcecode.swift; path = AppView.swift; sourceTree = "<group>"; };
		84685F2D29A62A740023B3AF /* Assets.xcassets */ = {isa = PBXFileReference; lastKnownFileType = folder.assetcatalog; path = Assets.xcassets; sourceTree = "<group>"; };
		84685F3029A62A740023B3AF /* Preview Assets.xcassets */ = {isa = PBXFileReference; lastKnownFileType = folder.assetcatalog; path = "Preview Assets.xcassets"; sourceTree = "<group>"; };
		84685F3C29A62FE90023B3AF /* Info.plist */ = {isa = PBXFileReference; lastKnownFileType = text.plist; path = Info.plist; sourceTree = "<group>"; };
		84685F3D29A636410023B3AF /* AppViewModel.swift */ = {isa = PBXFileReference; lastKnownFileType = sourcecode.swift; path = AppViewModel.swift; sourceTree = "<group>"; };
		84685F4029A637FE0023B3AF /* NetworkClient.swift */ = {isa = PBXFileReference; lastKnownFileType = sourcecode.swift; path = NetworkClient.swift; sourceTree = "<group>"; };
		84685F4229A638A60023B3AF /* Config.xcconfig */ = {isa = PBXFileReference; lastKnownFileType = text.xcconfig; path = Config.xcconfig; sourceTree = "<group>"; };
		84685F4429A639AA0023B3AF /* NetworkConfiguration.swift */ = {isa = PBXFileReference; lastKnownFileType = sourcecode.swift; path = NetworkConfiguration.swift; sourceTree = "<group>"; };
		84685F4829A64CFD0023B3AF /* NetworkError.swift */ = {isa = PBXFileReference; lastKnownFileType = sourcecode.swift; path = NetworkError.swift; sourceTree = "<group>"; };
		84B49CD429A64F1C0055AEEC /* HomeView.swift */ = {isa = PBXFileReference; lastKnownFileType = sourcecode.swift; path = HomeView.swift; sourceTree = "<group>"; };
		84B49CD629A64F250055AEEC /* HomeViewModel.swift */ = {isa = PBXFileReference; lastKnownFileType = sourcecode.swift; path = HomeViewModel.swift; sourceTree = "<group>"; };
		84B49CD829A650EB0055AEEC /* AppViewState.swift */ = {isa = PBXFileReference; lastKnownFileType = sourcecode.swift; path = AppViewState.swift; sourceTree = "<group>"; };
		84B49CE029A682BE0055AEEC /* HomeViewRepoListLoadingState.swift */ = {isa = PBXFileReference; lastKnownFileType = sourcecode.swift; path = HomeViewRepoListLoadingState.swift; sourceTree = "<group>"; };
		84B49CE329A683F90055AEEC /* RepoListView.swift */ = {isa = PBXFileReference; lastKnownFileType = sourcecode.swift; path = RepoListView.swift; sourceTree = "<group>"; };
		84B49CE529A684300055AEEC /* RepoListViewCell.swift */ = {isa = PBXFileReference; lastKnownFileType = sourcecode.swift; path = RepoListViewCell.swift; sourceTree = "<group>"; };
		84B49CE729A689440055AEEC /* RepositoryModel.swift */ = {isa = PBXFileReference; lastKnownFileType = sourcecode.swift; path = RepositoryModel.swift; sourceTree = "<group>"; };
		84F5681A29A69F1900BF57C5 /* ProfileHeaderView.swift */ = {isa = PBXFileReference; lastKnownFileType = sourcecode.swift; path = ProfileHeaderView.swift; sourceTree = "<group>"; };
		84F5681C29A69F2A00BF57C5 /* ProfileHeaderViewModel.swift */ = {isa = PBXFileReference; lastKnownFileType = sourcecode.swift; path = ProfileHeaderViewModel.swift; sourceTree = "<group>"; };
/* End PBXFileReference section */

/* Begin PBXFrameworksBuildPhase section */
		84685F2329A62A730023B3AF /* Frameworks */ = {
			isa = PBXFrameworksBuildPhase;
			buildActionMask = 2147483647;
			files = (
				84F5681729A68D2C00BF57C5 /* OctoKit in Frameworks */,
			);
			runOnlyForDeploymentPostprocessing = 0;
		};
/* End PBXFrameworksBuildPhase section */

/* Begin PBXGroup section */
		84685F1D29A62A730023B3AF = {
			isa = PBXGroup;
			children = (
				84685F2829A62A730023B3AF /* Pushup */,
				84685F2729A62A730023B3AF /* Products */,
			);
			sourceTree = "<group>";
		};
		84685F2729A62A730023B3AF /* Products */ = {
			isa = PBXGroup;
			children = (
				84685F2629A62A730023B3AF /* Pushup.app */,
			);
			name = Products;
			sourceTree = "<group>";
		};
		84685F2829A62A730023B3AF /* Pushup */ = {
			isa = PBXGroup;
			children = (
				84685F4B29A64ECF0023B3AF /* Home */,
				84685F4A29A64EA30023B3AF /* App */,
				84685F3F29A637E90023B3AF /* Networking */,
				84685F3C29A62FE90023B3AF /* Info.plist */,
				84685F2929A62A730023B3AF /* PushupApp.swift */,
				84685F2D29A62A740023B3AF /* Assets.xcassets */,
				84685F2F29A62A740023B3AF /* Preview Content */,
				84685F4229A638A60023B3AF /* Config.xcconfig */,
			);
			path = Pushup;
			sourceTree = "<group>";
		};
		84685F2F29A62A740023B3AF /* Preview Content */ = {
			isa = PBXGroup;
			children = (
				84685F3029A62A740023B3AF /* Preview Assets.xcassets */,
			);
			path = "Preview Content";
			sourceTree = "<group>";
		};
		84685F3F29A637E90023B3AF /* Networking */ = {
			isa = PBXGroup;
			children = (
				84685F4029A637FE0023B3AF /* NetworkClient.swift */,
				84685F4429A639AA0023B3AF /* NetworkConfiguration.swift */,
				84685F4829A64CFD0023B3AF /* NetworkError.swift */,
			);
			path = Networking;
			sourceTree = "<group>";
		};
		84685F4A29A64EA30023B3AF /* App */ = {
			isa = PBXGroup;
			children = (
				84685F2B29A62A730023B3AF /* AppView.swift */,
				84685F3D29A636410023B3AF /* AppViewModel.swift */,
				84B49CD829A650EB0055AEEC /* AppViewState.swift */,
			);
			path = App;
			sourceTree = "<group>";
		};
		84685F4B29A64ECF0023B3AF /* Home */ = {
			isa = PBXGroup;
			children = (
				84B49CE229A683E90055AEEC /* Subviews */,
				84B49CD429A64F1C0055AEEC /* HomeView.swift */,
				84B49CD629A64F250055AEEC /* HomeViewModel.swift */,
				84B49CE029A682BE0055AEEC /* HomeViewRepoListLoadingState.swift */,
			);
			path = Home;
			sourceTree = "<group>";
		};
		84B49CE229A683E90055AEEC /* Subviews */ = {
			isa = PBXGroup;
			children = (
				84F5681929A69F0400BF57C5 /* ProfileHeader */,
				84F5681829A69EF900BF57C5 /* RepoList */,
			);
			path = Subviews;
			sourceTree = "<group>";
		};
		84F5681829A69EF900BF57C5 /* RepoList */ = {
			isa = PBXGroup;
			children = (
				84B49CE329A683F90055AEEC /* RepoListView.swift */,
				84B49CE529A684300055AEEC /* RepoListViewCell.swift */,
				84B49CE729A689440055AEEC /* RepositoryModel.swift */,
			);
			path = RepoList;
			sourceTree = "<group>";
		};
		84F5681929A69F0400BF57C5 /* ProfileHeader */ = {
			isa = PBXGroup;
			children = (
				84F5681A29A69F1900BF57C5 /* ProfileHeaderView.swift */,
				84F5681C29A69F2A00BF57C5 /* ProfileHeaderViewModel.swift */,
			);
			path = ProfileHeader;
			sourceTree = "<group>";
		};
/* End PBXGroup section */

/* Begin PBXNativeTarget section */
		84685F2529A62A730023B3AF /* Pushup */ = {
			isa = PBXNativeTarget;
			buildConfigurationList = 84685F3429A62A740023B3AF /* Build configuration list for PBXNativeTarget "Pushup" */;
			buildPhases = (
				84685F2229A62A730023B3AF /* Sources */,
				84685F2329A62A730023B3AF /* Frameworks */,
				84685F2429A62A730023B3AF /* Resources */,
			);
			buildRules = (
			);
			dependencies = (
			);
			name = Pushup;
			packageProductDependencies = (
				84F5681629A68D2C00BF57C5 /* OctoKit */,
			);
			productName = Pushup;
			productReference = 84685F2629A62A730023B3AF /* Pushup.app */;
			productType = "com.apple.product-type.application";
		};
/* End PBXNativeTarget section */

/* Begin PBXProject section */
		84685F1E29A62A730023B3AF /* Project object */ = {
			isa = PBXProject;
			attributes = {
				BuildIndependentTargetsInParallel = 1;
				LastSwiftUpdateCheck = 1420;
				LastUpgradeCheck = 1420;
				TargetAttributes = {
					84685F2529A62A730023B3AF = {
						CreatedOnToolsVersion = 14.2;
					};
				};
			};
			buildConfigurationList = 84685F2129A62A730023B3AF /* Build configuration list for PBXProject "Pushup" */;
			compatibilityVersion = "Xcode 14.0";
			developmentRegion = en;
			hasScannedForEncodings = 0;
			knownRegions = (
				en,
				Base,
			);
			mainGroup = 84685F1D29A62A730023B3AF;
			packageReferences = (
				84F5681529A68D2C00BF57C5 /* XCRemoteSwiftPackageReference "octokit" */,
			);
			productRefGroup = 84685F2729A62A730023B3AF /* Products */;
			projectDirPath = "";
			projectRoot = "";
			targets = (
				84685F2529A62A730023B3AF /* Pushup */,
			);
		};
/* End PBXProject section */

/* Begin PBXResourcesBuildPhase section */
		84685F2429A62A730023B3AF /* Resources */ = {
			isa = PBXResourcesBuildPhase;
			buildActionMask = 2147483647;
			files = (
				84685F3129A62A740023B3AF /* Preview Assets.xcassets in Resources */,
				84685F4329A638A60023B3AF /* Config.xcconfig in Resources */,
				84685F2E29A62A740023B3AF /* Assets.xcassets in Resources */,
			);
			runOnlyForDeploymentPostprocessing = 0;
		};
/* End PBXResourcesBuildPhase section */

/* Begin PBXSourcesBuildPhase section */
		84685F2229A62A730023B3AF /* Sources */ = {
			isa = PBXSourcesBuildPhase;
			buildActionMask = 2147483647;
			files = (
				84685F2C29A62A730023B3AF /* AppView.swift in Sources */,
				84B49CD529A64F1C0055AEEC /* HomeView.swift in Sources */,
				84685F4529A639AA0023B3AF /* NetworkConfiguration.swift in Sources */,
				84B49CD729A64F250055AEEC /* HomeViewModel.swift in Sources */,
				84B49CD929A650EB0055AEEC /* AppViewState.swift in Sources */,
				84F5681D29A69F2A00BF57C5 /* ProfileHeaderViewModel.swift in Sources */,
				84685F2A29A62A730023B3AF /* PushupApp.swift in Sources */,
				84685F4929A64CFD0023B3AF /* NetworkError.swift in Sources */,
				84B49CE429A683F90055AEEC /* RepoListView.swift in Sources */,
				84685F3E29A636410023B3AF /* AppViewModel.swift in Sources */,
				84685F4129A637FE0023B3AF /* NetworkClient.swift in Sources */,
				84B49CE829A689440055AEEC /* RepositoryModel.swift in Sources */,
				84F5681B29A69F1900BF57C5 /* ProfileHeaderView.swift in Sources */,
				84B49CE629A684300055AEEC /* RepoListViewCell.swift in Sources */,
				84B49CE129A682BE0055AEEC /* HomeViewRepoListLoadingState.swift in Sources */,
			);
			runOnlyForDeploymentPostprocessing = 0;
		};
/* End PBXSourcesBuildPhase section */

/* Begin XCBuildConfiguration section */
		84685F3229A62A740023B3AF /* Debug */ = {
			isa = XCBuildConfiguration;
			baseConfigurationReference = 84685F4229A638A60023B3AF /* Config.xcconfig */;
			buildSettings = {
				ALWAYS_SEARCH_USER_PATHS = NO;
				CLANG_ANALYZER_NONNULL = YES;
				CLANG_ANALYZER_NUMBER_OBJECT_CONVERSION = YES_AGGRESSIVE;
				CLANG_CXX_LANGUAGE_STANDARD = "gnu++20";
				CLANG_ENABLE_MODULES = YES;
				CLANG_ENABLE_OBJC_ARC = YES;
				CLANG_ENABLE_OBJC_WEAK = YES;
				CLANG_WARN_BLOCK_CAPTURE_AUTORELEASING = YES;
				CLANG_WARN_BOOL_CONVERSION = YES;
				CLANG_WARN_COMMA = YES;
				CLANG_WARN_CONSTANT_CONVERSION = YES;
				CLANG_WARN_DEPRECATED_OBJC_IMPLEMENTATIONS = YES;
				CLANG_WARN_DIRECT_OBJC_ISA_USAGE = YES_ERROR;
				CLANG_WARN_DOCUMENTATION_COMMENTS = YES;
				CLANG_WARN_EMPTY_BODY = YES;
				CLANG_WARN_ENUM_CONVERSION = YES;
				CLANG_WARN_INFINITE_RECURSION = YES;
				CLANG_WARN_INT_CONVERSION = YES;
				CLANG_WARN_NON_LITERAL_NULL_CONVERSION = YES;
				CLANG_WARN_OBJC_IMPLICIT_RETAIN_SELF = YES;
				CLANG_WARN_OBJC_LITERAL_CONVERSION = YES;
				CLANG_WARN_OBJC_ROOT_CLASS = YES_ERROR;
				CLANG_WARN_QUOTED_INCLUDE_IN_FRAMEWORK_HEADER = YES;
				CLANG_WARN_RANGE_LOOP_ANALYSIS = YES;
				CLANG_WARN_STRICT_PROTOTYPES = YES;
				CLANG_WARN_SUSPICIOUS_MOVE = YES;
				CLANG_WARN_UNGUARDED_AVAILABILITY = YES_AGGRESSIVE;
				CLANG_WARN_UNREACHABLE_CODE = YES;
				CLANG_WARN__DUPLICATE_METHOD_MATCH = YES;
				COPY_PHASE_STRIP = NO;
				DEBUG_INFORMATION_FORMAT = dwarf;
				ENABLE_STRICT_OBJC_MSGSEND = YES;
				ENABLE_TESTABILITY = YES;
				GCC_C_LANGUAGE_STANDARD = gnu11;
				GCC_DYNAMIC_NO_PIC = NO;
				GCC_NO_COMMON_BLOCKS = YES;
				GCC_OPTIMIZATION_LEVEL = 0;
				GCC_PREPROCESSOR_DEFINITIONS = (
					"DEBUG=1",
					"$(inherited)",
				);
				GCC_WARN_64_TO_32_BIT_CONVERSION = YES;
				GCC_WARN_ABOUT_RETURN_TYPE = YES_ERROR;
				GCC_WARN_UNDECLARED_SELECTOR = YES;
				GCC_WARN_UNINITIALIZED_AUTOS = YES_AGGRESSIVE;
				GCC_WARN_UNUSED_FUNCTION = YES;
				GCC_WARN_UNUSED_VARIABLE = YES;
				IPHONEOS_DEPLOYMENT_TARGET = 16.2;
				MTL_ENABLE_DEBUG_INFO = INCLUDE_SOURCE;
				MTL_FAST_MATH = YES;
				ONLY_ACTIVE_ARCH = YES;
				SDKROOT = iphoneos;
				SWIFT_ACTIVE_COMPILATION_CONDITIONS = DEBUG;
				SWIFT_OPTIMIZATION_LEVEL = "-Onone";
			};
			name = Debug;
		};
		84685F3329A62A740023B3AF /* Release */ = {
			isa = XCBuildConfiguration;
			baseConfigurationReference = 84685F4229A638A60023B3AF /* Config.xcconfig */;
			buildSettings = {
				ALWAYS_SEARCH_USER_PATHS = NO;
				CLANG_ANALYZER_NONNULL = YES;
				CLANG_ANALYZER_NUMBER_OBJECT_CONVERSION = YES_AGGRESSIVE;
				CLANG_CXX_LANGUAGE_STANDARD = "gnu++20";
				CLANG_ENABLE_MODULES = YES;
				CLANG_ENABLE_OBJC_ARC = YES;
				CLANG_ENABLE_OBJC_WEAK = YES;
				CLANG_WARN_BLOCK_CAPTURE_AUTORELEASING = YES;
				CLANG_WARN_BOOL_CONVERSION = YES;
				CLANG_WARN_COMMA = YES;
				CLANG_WARN_CONSTANT_CONVERSION = YES;
				CLANG_WARN_DEPRECATED_OBJC_IMPLEMENTATIONS = YES;
				CLANG_WARN_DIRECT_OBJC_ISA_USAGE = YES_ERROR;
				CLANG_WARN_DOCUMENTATION_COMMENTS = YES;
				CLANG_WARN_EMPTY_BODY = YES;
				CLANG_WARN_ENUM_CONVERSION = YES;
				CLANG_WARN_INFINITE_RECURSION = YES;
				CLANG_WARN_INT_CONVERSION = YES;
				CLANG_WARN_NON_LITERAL_NULL_CONVERSION = YES;
				CLANG_WARN_OBJC_IMPLICIT_RETAIN_SELF = YES;
				CLANG_WARN_OBJC_LITERAL_CONVERSION = YES;
				CLANG_WARN_OBJC_ROOT_CLASS = YES_ERROR;
				CLANG_WARN_QUOTED_INCLUDE_IN_FRAMEWORK_HEADER = YES;
				CLANG_WARN_RANGE_LOOP_ANALYSIS = YES;
				CLANG_WARN_STRICT_PROTOTYPES = YES;
				CLANG_WARN_SUSPICIOUS_MOVE = YES;
				CLANG_WARN_UNGUARDED_AVAILABILITY = YES_AGGRESSIVE;
				CLANG_WARN_UNREACHABLE_CODE = YES;
				CLANG_WARN__DUPLICATE_METHOD_MATCH = YES;
				COPY_PHASE_STRIP = NO;
				DEBUG_INFORMATION_FORMAT = "dwarf-with-dsym";
				ENABLE_NS_ASSERTIONS = NO;
				ENABLE_STRICT_OBJC_MSGSEND = YES;
				GCC_C_LANGUAGE_STANDARD = gnu11;
				GCC_NO_COMMON_BLOCKS = YES;
				GCC_WARN_64_TO_32_BIT_CONVERSION = YES;
				GCC_WARN_ABOUT_RETURN_TYPE = YES_ERROR;
				GCC_WARN_UNDECLARED_SELECTOR = YES;
				GCC_WARN_UNINITIALIZED_AUTOS = YES_AGGRESSIVE;
				GCC_WARN_UNUSED_FUNCTION = YES;
				GCC_WARN_UNUSED_VARIABLE = YES;
				IPHONEOS_DEPLOYMENT_TARGET = 16.2;
				MTL_ENABLE_DEBUG_INFO = NO;
				MTL_FAST_MATH = YES;
				SDKROOT = iphoneos;
				SWIFT_COMPILATION_MODE = wholemodule;
				SWIFT_OPTIMIZATION_LEVEL = "-O";
				VALIDATE_PRODUCT = YES;
			};
			name = Release;
		};
		84685F3529A62A740023B3AF /* Debug */ = {
			isa = XCBuildConfiguration;
			buildSettings = {
				ASSETCATALOG_COMPILER_APPICON_NAME = AppIcon;
				ASSETCATALOG_COMPILER_GLOBAL_ACCENT_COLOR_NAME = AccentColor;
				CODE_SIGN_STYLE = Automatic;
				CURRENT_PROJECT_VERSION = 1;
				DEVELOPMENT_ASSET_PATHS = "\"Pushup/Preview Content\"";
				DEVELOPMENT_TEAM = 3XTTWH436M;
				ENABLE_PREVIEWS = YES;
				GENERATE_INFOPLIST_FILE = YES;
				INFOPLIST_FILE = Pushup/Info.plist;
				INFOPLIST_KEY_LSApplicationCategoryType = "";
				INFOPLIST_KEY_UIApplicationSupportsIndirectInputEvents = YES;
				INFOPLIST_KEY_UILaunchScreen_Generation = YES;
				INFOPLIST_KEY_UISupportedInterfaceOrientations_iPad = "UIInterfaceOrientationPortrait UIInterfaceOrientationPortraitUpsideDown UIInterfaceOrientationLandscapeLeft UIInterfaceOrientationLandscapeRight";
				INFOPLIST_KEY_UISupportedInterfaceOrientations_iPhone = "UIInterfaceOrientationPortrait UIInterfaceOrientationLandscapeLeft UIInterfaceOrientationLandscapeRight";
				IPHONEOS_DEPLOYMENT_TARGET = 15.6;
				LD_RUNPATH_SEARCH_PATHS = (
					"$(inherited)",
					"@executable_path/Frameworks",
				);
				MARKETING_VERSION = 1.0;
				PRODUCT_BUNDLE_IDENTIFIER = com.trentguillory.Pushup;
				PRODUCT_NAME = "$(TARGET_NAME)";
				SWIFT_EMIT_LOC_STRINGS = YES;
				SWIFT_VERSION = 5.0;
				TARGETED_DEVICE_FAMILY = "1,2";
			};
			name = Debug;
		};
		84685F3629A62A740023B3AF /* Release */ = {
			isa = XCBuildConfiguration;
			buildSettings = {
				ASSETCATALOG_COMPILER_APPICON_NAME = AppIcon;
				ASSETCATALOG_COMPILER_GLOBAL_ACCENT_COLOR_NAME = AccentColor;
				CODE_SIGN_STYLE = Automatic;
				CURRENT_PROJECT_VERSION = 1;
				DEVELOPMENT_ASSET_PATHS = "\"Pushup/Preview Content\"";
				DEVELOPMENT_TEAM = 3XTTWH436M;
				ENABLE_PREVIEWS = YES;
				GENERATE_INFOPLIST_FILE = YES;
				INFOPLIST_FILE = Pushup/Info.plist;
				INFOPLIST_KEY_LSApplicationCategoryType = "";
				INFOPLIST_KEY_UIApplicationSupportsIndirectInputEvents = YES;
				INFOPLIST_KEY_UILaunchScreen_Generation = YES;
				INFOPLIST_KEY_UISupportedInterfaceOrientations_iPad = "UIInterfaceOrientationPortrait UIInterfaceOrientationPortraitUpsideDown UIInterfaceOrientationLandscapeLeft UIInterfaceOrientationLandscapeRight";
				INFOPLIST_KEY_UISupportedInterfaceOrientations_iPhone = "UIInterfaceOrientationPortrait UIInterfaceOrientationLandscapeLeft UIInterfaceOrientationLandscapeRight";
				IPHONEOS_DEPLOYMENT_TARGET = 15.6;
				LD_RUNPATH_SEARCH_PATHS = (
					"$(inherited)",
					"@executable_path/Frameworks",
				);
				MARKETING_VERSION = 1.0;
				PRODUCT_BUNDLE_IDENTIFIER = com.trentguillory.Pushup;
				PRODUCT_NAME = "$(TARGET_NAME)";
				SWIFT_EMIT_LOC_STRINGS = YES;
				SWIFT_VERSION = 5.0;
				TARGETED_DEVICE_FAMILY = "1,2";
			};
			name = Release;
		};
/* End XCBuildConfiguration section */

/* Begin XCConfigurationList section */
		84685F2129A62A730023B3AF /* Build configuration list for PBXProject "Pushup" */ = {
			isa = XCConfigurationList;
			buildConfigurations = (
				84685F3229A62A740023B3AF /* Debug */,
				84685F3329A62A740023B3AF /* Release */,
			);
			defaultConfigurationIsVisible = 0;
			defaultConfigurationName = Release;
		};
		84685F3429A62A740023B3AF /* Build configuration list for PBXNativeTarget "Pushup" */ = {
			isa = XCConfigurationList;
			buildConfigurations = (
				84685F3529A62A740023B3AF /* Debug */,
				84685F3629A62A740023B3AF /* Release */,
			);
			defaultConfigurationIsVisible = 0;
			defaultConfigurationName = Release;
		};
/* End XCConfigurationList section */

/* Begin XCRemoteSwiftPackageReference section */
		84F5681529A68D2C00BF57C5 /* XCRemoteSwiftPackageReference "octokit" */ = {
			isa = XCRemoteSwiftPackageReference;
			repositoryURL = "https://github.com/nerdishbynature/octokit.swift";
			requirement = {
				kind = upToNextMajorVersion;
				minimumVersion = 0.9.0;
			};
		};
/* End XCRemoteSwiftPackageReference section */

/* Begin XCSwiftPackageProductDependency section */
		84F5681629A68D2C00BF57C5 /* OctoKit */ = {
			isa = XCSwiftPackageProductDependency;
			package = 84F5681529A68D2C00BF57C5 /* XCRemoteSwiftPackageReference "octokit" */;
			productName = OctoKit;
		};
/* End XCSwiftPackageProductDependency section */
	};
	rootObject = 84685F1E29A62A730023B3AF /* Project object */;
}
